PODS:
  - APBanner (1.0.1)

DEPENDENCIES:
  - APBanner (from `https://github.com/appspanel/APBanner.git`)

EXTERNAL SOURCES:
  APBanner:
    :git: https://github.com/appspanel/APBanner.git

CHECKOUT OPTIONS:
  APBanner:
    :commit: bdb8892ca2adde35f7f78c72a226316ffc0b496e
    :git: https://github.com/appspanel/APBanner.git

SPEC CHECKSUMS:
  APBanner: 6c4c0e7510d317407b194284a03a3dab13c2b0ff

PODFILE CHECKSUM: 033e1c8725c732f40463dcfdd11bd04a68c62748

COCOAPODS: 1.2.1
